
Microsoft Visual Studio Solution File, Format Version 12.00
# Visual Studio Version 17
VisualStudioVersion = 17.7.34009.444
MinimumVisualStudioVersion = 10.0.40219.1
Project("{FAE04EC0-301F-11D3-BF4B-00C04F79EFBC}") = "TallerSiriWeb", "TallerSiriWeb\TallerSiriWeb.csproj", "{A06775E1-15EE-4D34-876B-1F36059FF0FE}"
EndProject
Global
	GlobalSection(SolutionConfigurationPlatforms) = preSolution
		Debug|Any CPU = Debug|Any CPU
		Release|Any CPU = Release|Any CPU
	EndGlobalSection
	GlobalSection(ProjectConfigurationPlatforms) = postSolution
		{A06775E1-15EE-4D34-876B-1F36059FF0FE}.Debug|Any CPU.ActiveCfg = Debug|Any CPU
		{A06775E1-15EE-4D34-876B-1F36059FF0FE}.Debug|Any CPU.Build.0 = Debug|Any CPU
		{A06775E1-15EE-4D34-876B-1F36059FF0FE}.Release|Any CPU.ActiveCfg = Release|Any CPU
		{A06775E1-15EE-4D34-876B-1F36059FF0FE}.Release|Any CPU.Build.0 = Release|Any CPU
	EndGlobalSection
	GlobalSection(SolutionProperties) = preSolution
		HideSolutionNode = FALSE
	EndGlobalSection
	GlobalSection(ExtensibilityGlobals) = postSolution
		SolutionGuid = {3F33F930-E73D-457D-B8CC-42ADFCB3F105}
	EndGlobalSection
EndGlobal
